
Microsoft Visual Studio Solution File, Format Version 12.00
# Visual Studio 14
VisualStudioVersion = 14.0.25420.1
MinimumVisualStudioVersion = 10.0.40219.1
Project("{FAE04EC0-301F-11D3-BF4B-00C04F79EFBC}") = "SharedModels", "SharedModels\SharedModels.csproj", "{A69D3C88-D6C2-4077-A8AD-3BA8E6BACF99}"
EndProject
Project("{FAE04EC0-301F-11D3-BF4B-00C04F79EFBC}") = "WebSite", "WebSite\WebSite.csproj", "{0C7724A0-3505-4F39-94D9-84A951659F4B}"
EndProject
Project("{A07B5EB6-E848-4116-A8D0-A826331D98C6}") = "WebServiceProvider", "WebServiceProvider\WebServiceProvider.sfproj", "{19E43336-9578-4ED2-8E05-EFC843638F6C}"
EndProject
Project("{FAE04EC0-301F-11D3-BF4B-00C04F79EFBC}") = "WSP.WebAPI", "WSP.WebAPI\WSP.WebAPI.csproj", "{3E2FB5F5-D4D8-415A-9029-85277CB7407A}"
EndProject
Project("{FAE04EC0-301F-11D3-BF4B-00C04F79EFBC}") = "WSP.Models", "WSP.Models\WSP.Models.csproj", "{A048CC25-9A11-45F5-BDB7-08016DD34A77}"
EndProject
Project("{FAE04EC0-301F-11D3-BF4B-00C04F79EFBC}") = "WSP.MasterActor", "WSP.MasterActor\WSP.MasterActor.csproj", "{8B2E10FC-24C8-49DD-BDED-BB3184A79102}"
EndProject
Project("{FAE04EC0-301F-11D3-BF4B-00C04F79EFBC}") = "WSP.MasterActor.Interfaces", "WSP.MasterActor.Interfaces\WSP.MasterActor.Interfaces.csproj", "{A51C3622-FC6E-4846-8CB0-CC4C234814C1}"
EndProject
Project("{FAE04EC0-301F-11D3-BF4B-00C04F79EFBC}") = "WSP.MinerActor.Interfaces", "WSP.MinerActor.Interfaces\WSP.MinerActor.Interfaces.csproj", "{A8866396-8578-4518-BA47-6AF6A18344B9}"
EndProject
Project("{FAE04EC0-301F-11D3-BF4B-00C04F79EFBC}") = "WSP.DBHandlerService", "WSP.DBHandlerService\WSP.DBHandlerService.csproj", "{162ED859-9E23-41BC-B385-83F686371AE7}"
EndProject
Project("{FAE04EC0-301F-11D3-BF4B-00C04F79EFBC}") = "WSP.DBHandlerService.Interfaces", "WSP.DBHandlerService.Interfaces\WSP.DBHandlerService.Interfaces.csproj", "{71BC7ACA-55DC-4A4A-BF4C-1FF907730541}"
EndProject
Project("{FAE04EC0-301F-11D3-BF4B-00C04F79EFBC}") = "WSP.TwitterMinerActor", "WSP.TwitterMinerActor\WSP.TwitterMinerActor.csproj", "{EE27BE62-185F-4749-A97D-DE879E95A689}"
EndProject
Project("{FAE04EC0-301F-11D3-BF4B-00C04F79EFBC}") = "WSP.MyActors", "WSP.MyActors\WSP.MyActors.csproj", "{EA4AD9DF-2393-4343-8055-00363A6EDA2B}"
EndProject
Project("{FAE04EC0-301F-11D3-BF4B-00C04F79EFBC}") = "WSP.AnalyserActor.Interfaces", "WSP.AnalyserActor.Interfaces\WSP.AnalyserActor.Interfaces.csproj", "{98C0366B-F061-48D9-B254-BF4EE7DB8EAF}"
EndProject
Project("{FAE04EC0-301F-11D3-BF4B-00C04F79EFBC}") = "WSP.TwitterAnalyserActor", "WSP.TwitterAnalyserActor\WSP.TwitterAnalyserActor.csproj", "{76A320C1-8809-4894-A024-3999B64648AC}"
EndProject
Project("{FAE04EC0-301F-11D3-BF4B-00C04F79EFBC}") = "TextAnalysers", "TextAnalysers\TextAnalysers.csproj", "{8E74930E-3ABE-4770-ADD0-F198EE6ED392}"
EndProject
Global
	GlobalSection(SolutionConfigurationPlatforms) = preSolution
		Debug|Any CPU = Debug|Any CPU
		Debug|x64 = Debug|x64
		Debug|x86 = Debug|x86
		Release|Any CPU = Release|Any CPU
		Release|x64 = Release|x64
		Release|x86 = Release|x86
	EndGlobalSection
	GlobalSection(ProjectConfigurationPlatforms) = postSolution
		{A69D3C88-D6C2-4077-A8AD-3BA8E6BACF99}.Debug|Any CPU.ActiveCfg = Debug|Any CPU
		{A69D3C88-D6C2-4077-A8AD-3BA8E6BACF99}.Debug|Any CPU.Build.0 = Debug|Any CPU
		{A69D3C88-D6C2-4077-A8AD-3BA8E6BACF99}.Debug|x64.ActiveCfg = Debug|Any CPU
		{A69D3C88-D6C2-4077-A8AD-3BA8E6BACF99}.Debug|x64.Build.0 = Debug|Any CPU
		{A69D3C88-D6C2-4077-A8AD-3BA8E6BACF99}.Debug|x86.ActiveCfg = Debug|Any CPU
		{A69D3C88-D6C2-4077-A8AD-3BA8E6BACF99}.Debug|x86.Build.0 = Debug|Any CPU
		{A69D3C88-D6C2-4077-A8AD-3BA8E6BACF99}.Release|Any CPU.ActiveCfg = Release|Any CPU
		{A69D3C88-D6C2-4077-A8AD-3BA8E6BACF99}.Release|Any CPU.Build.0 = Release|Any CPU
		{A69D3C88-D6C2-4077-A8AD-3BA8E6BACF99}.Release|x64.ActiveCfg = Release|Any CPU
		{A69D3C88-D6C2-4077-A8AD-3BA8E6BACF99}.Release|x64.Build.0 = Release|Any CPU
		{A69D3C88-D6C2-4077-A8AD-3BA8E6BACF99}.Release|x86.ActiveCfg = Release|Any CPU
		{A69D3C88-D6C2-4077-A8AD-3BA8E6BACF99}.Release|x86.Build.0 = Release|Any CPU
		{0C7724A0-3505-4F39-94D9-84A951659F4B}.Debug|Any CPU.ActiveCfg = Debug|Any CPU
		{0C7724A0-3505-4F39-94D9-84A951659F4B}.Debug|Any CPU.Build.0 = Debug|Any CPU
		{0C7724A0-3505-4F39-94D9-84A951659F4B}.Debug|x64.ActiveCfg = Debug|Any CPU
		{0C7724A0-3505-4F39-94D9-84A951659F4B}.Debug|x64.Build.0 = Debug|Any CPU
		{0C7724A0-3505-4F39-94D9-84A951659F4B}.Debug|x86.ActiveCfg = Debug|Any CPU
		{0C7724A0-3505-4F39-94D9-84A951659F4B}.Debug|x86.Build.0 = Debug|Any CPU
		{0C7724A0-3505-4F39-94D9-84A951659F4B}.Release|Any CPU.ActiveCfg = Release|Any CPU
		{0C7724A0-3505-4F39-94D9-84A951659F4B}.Release|Any CPU.Build.0 = Release|Any CPU
		{0C7724A0-3505-4F39-94D9-84A951659F4B}.Release|x64.ActiveCfg = Release|Any CPU
		{0C7724A0-3505-4F39-94D9-84A951659F4B}.Release|x64.Build.0 = Release|Any CPU
		{0C7724A0-3505-4F39-94D9-84A951659F4B}.Release|x86.ActiveCfg = Release|Any CPU
		{0C7724A0-3505-4F39-94D9-84A951659F4B}.Release|x86.Build.0 = Release|Any CPU
		{19E43336-9578-4ED2-8E05-EFC843638F6C}.Debug|Any CPU.ActiveCfg = Debug|x64
		{19E43336-9578-4ED2-8E05-EFC843638F6C}.Debug|x64.ActiveCfg = Debug|x64
		{19E43336-9578-4ED2-8E05-EFC843638F6C}.Debug|x64.Build.0 = Debug|x64
		{19E43336-9578-4ED2-8E05-EFC843638F6C}.Debug|x64.Deploy.0 = Debug|x64
		{19E43336-9578-4ED2-8E05-EFC843638F6C}.Debug|x86.ActiveCfg = Debug|x86
		{19E43336-9578-4ED2-8E05-EFC843638F6C}.Debug|x86.Build.0 = Debug|x86
		{19E43336-9578-4ED2-8E05-EFC843638F6C}.Debug|x86.Deploy.0 = Debug|x86
		{19E43336-9578-4ED2-8E05-EFC843638F6C}.Release|Any CPU.ActiveCfg = Release|x64
		{19E43336-9578-4ED2-8E05-EFC843638F6C}.Release|x64.ActiveCfg = Release|x64
		{19E43336-9578-4ED2-8E05-EFC843638F6C}.Release|x64.Build.0 = Release|x64
		{19E43336-9578-4ED2-8E05-EFC843638F6C}.Release|x64.Deploy.0 = Release|x64
		{19E43336-9578-4ED2-8E05-EFC843638F6C}.Release|x86.ActiveCfg = Release|x86
		{19E43336-9578-4ED2-8E05-EFC843638F6C}.Release|x86.Build.0 = Release|x86
		{19E43336-9578-4ED2-8E05-EFC843638F6C}.Release|x86.Deploy.0 = Release|x86
		{3E2FB5F5-D4D8-415A-9029-85277CB7407A}.Debug|Any CPU.ActiveCfg = Debug|x64
		{3E2FB5F5-D4D8-415A-9029-85277CB7407A}.Debug|x64.ActiveCfg = Debug|x64
		{3E2FB5F5-D4D8-415A-9029-85277CB7407A}.Debug|x64.Build.0 = Debug|x64
		{3E2FB5F5-D4D8-415A-9029-85277CB7407A}.Debug|x86.ActiveCfg = Debug|x64
		{3E2FB5F5-D4D8-415A-9029-85277CB7407A}.Release|Any CPU.ActiveCfg = Release|x64
		{3E2FB5F5-D4D8-415A-9029-85277CB7407A}.Release|x64.ActiveCfg = Release|x64
		{3E2FB5F5-D4D8-415A-9029-85277CB7407A}.Release|x64.Build.0 = Release|x64
		{3E2FB5F5-D4D8-415A-9029-85277CB7407A}.Release|x86.ActiveCfg = Release|x64
		{A048CC25-9A11-45F5-BDB7-08016DD34A77}.Debug|Any CPU.ActiveCfg = Debug|Any CPU
		{A048CC25-9A11-45F5-BDB7-08016DD34A77}.Debug|Any CPU.Build.0 = Debug|Any CPU
		{A048CC25-9A11-45F5-BDB7-08016DD34A77}.Debug|x64.ActiveCfg = Debug|Any CPU
		{A048CC25-9A11-45F5-BDB7-08016DD34A77}.Debug|x64.Build.0 = Debug|Any CPU
		{A048CC25-9A11-45F5-BDB7-08016DD34A77}.Debug|x86.ActiveCfg = Debug|Any CPU
		{A048CC25-9A11-45F5-BDB7-08016DD34A77}.Debug|x86.Build.0 = Debug|Any CPU
		{A048CC25-9A11-45F5-BDB7-08016DD34A77}.Release|Any CPU.ActiveCfg = Release|Any CPU
		{A048CC25-9A11-45F5-BDB7-08016DD34A77}.Release|Any CPU.Build.0 = Release|Any CPU
		{A048CC25-9A11-45F5-BDB7-08016DD34A77}.Release|x64.ActiveCfg = Release|Any CPU
		{A048CC25-9A11-45F5-BDB7-08016DD34A77}.Release|x64.Build.0 = Release|Any CPU
		{A048CC25-9A11-45F5-BDB7-08016DD34A77}.Release|x86.ActiveCfg = Release|Any CPU
		{A048CC25-9A11-45F5-BDB7-08016DD34A77}.Release|x86.Build.0 = Release|Any CPU
		{8B2E10FC-24C8-49DD-BDED-BB3184A79102}.Debug|Any CPU.ActiveCfg = Debug|x64
		{8B2E10FC-24C8-49DD-BDED-BB3184A79102}.Debug|x64.ActiveCfg = Debug|x64
		{8B2E10FC-24C8-49DD-BDED-BB3184A79102}.Debug|x64.Build.0 = Debug|x64
		{8B2E10FC-24C8-49DD-BDED-BB3184A79102}.Debug|x86.ActiveCfg = Debug|x64
		{8B2E10FC-24C8-49DD-BDED-BB3184A79102}.Release|Any CPU.ActiveCfg = Release|x64
		{8B2E10FC-24C8-49DD-BDED-BB3184A79102}.Release|x64.ActiveCfg = Release|x64
		{8B2E10FC-24C8-49DD-BDED-BB3184A79102}.Release|x64.Build.0 = Release|x64
		{8B2E10FC-24C8-49DD-BDED-BB3184A79102}.Release|x86.ActiveCfg = Release|x64
		{A51C3622-FC6E-4846-8CB0-CC4C234814C1}.Debug|Any CPU.ActiveCfg = Debug|x64
		{A51C3622-FC6E-4846-8CB0-CC4C234814C1}.Debug|x64.ActiveCfg = Debug|x64
		{A51C3622-FC6E-4846-8CB0-CC4C234814C1}.Debug|x64.Build.0 = Debug|x64
		{A51C3622-FC6E-4846-8CB0-CC4C234814C1}.Debug|x86.ActiveCfg = Debug|x64
		{A51C3622-FC6E-4846-8CB0-CC4C234814C1}.Release|Any CPU.ActiveCfg = Release|x64
		{A51C3622-FC6E-4846-8CB0-CC4C234814C1}.Release|x64.ActiveCfg = Release|x64
		{A51C3622-FC6E-4846-8CB0-CC4C234814C1}.Release|x64.Build.0 = Release|x64
		{A51C3622-FC6E-4846-8CB0-CC4C234814C1}.Release|x86.ActiveCfg = Release|x64
		{A8866396-8578-4518-BA47-6AF6A18344B9}.Debug|Any CPU.ActiveCfg = Debug|x64
		{A8866396-8578-4518-BA47-6AF6A18344B9}.Debug|x64.ActiveCfg = Debug|x64
		{A8866396-8578-4518-BA47-6AF6A18344B9}.Debug|x64.Build.0 = Debug|x64
		{A8866396-8578-4518-BA47-6AF6A18344B9}.Debug|x86.ActiveCfg = Debug|x64
		{A8866396-8578-4518-BA47-6AF6A18344B9}.Release|Any CPU.ActiveCfg = Release|x64
		{A8866396-8578-4518-BA47-6AF6A18344B9}.Release|x64.ActiveCfg = Release|x64
		{A8866396-8578-4518-BA47-6AF6A18344B9}.Release|x64.Build.0 = Release|x64
		{A8866396-8578-4518-BA47-6AF6A18344B9}.Release|x86.ActiveCfg = Release|x64
		{162ED859-9E23-41BC-B385-83F686371AE7}.Debug|Any CPU.ActiveCfg = Debug|x64
		{162ED859-9E23-41BC-B385-83F686371AE7}.Debug|x64.ActiveCfg = Debug|x64
		{162ED859-9E23-41BC-B385-83F686371AE7}.Debug|x64.Build.0 = Debug|x64
		{162ED859-9E23-41BC-B385-83F686371AE7}.Debug|x86.ActiveCfg = Debug|x64
		{162ED859-9E23-41BC-B385-83F686371AE7}.Release|Any CPU.ActiveCfg = Release|x64
		{162ED859-9E23-41BC-B385-83F686371AE7}.Release|x64.ActiveCfg = Release|x64
		{162ED859-9E23-41BC-B385-83F686371AE7}.Release|x64.Build.0 = Release|x64
		{162ED859-9E23-41BC-B385-83F686371AE7}.Release|x86.ActiveCfg = Release|x64
		{71BC7ACA-55DC-4A4A-BF4C-1FF907730541}.Debug|Any CPU.ActiveCfg = Debug|Any CPU
		{71BC7ACA-55DC-4A4A-BF4C-1FF907730541}.Debug|Any CPU.Build.0 = Debug|Any CPU
		{71BC7ACA-55DC-4A4A-BF4C-1FF907730541}.Debug|x64.ActiveCfg = Debug|Any CPU
		{71BC7ACA-55DC-4A4A-BF4C-1FF907730541}.Debug|x64.Build.0 = Debug|Any CPU
		{71BC7ACA-55DC-4A4A-BF4C-1FF907730541}.Debug|x86.ActiveCfg = Debug|Any CPU
		{71BC7ACA-55DC-4A4A-BF4C-1FF907730541}.Debug|x86.Build.0 = Debug|Any CPU
		{71BC7ACA-55DC-4A4A-BF4C-1FF907730541}.Release|Any CPU.ActiveCfg = Release|Any CPU
		{71BC7ACA-55DC-4A4A-BF4C-1FF907730541}.Release|Any CPU.Build.0 = Release|Any CPU
		{71BC7ACA-55DC-4A4A-BF4C-1FF907730541}.Release|x64.ActiveCfg = Release|Any CPU
		{71BC7ACA-55DC-4A4A-BF4C-1FF907730541}.Release|x64.Build.0 = Release|Any CPU
		{71BC7ACA-55DC-4A4A-BF4C-1FF907730541}.Release|x86.ActiveCfg = Release|Any CPU
		{71BC7ACA-55DC-4A4A-BF4C-1FF907730541}.Release|x86.Build.0 = Release|Any CPU
		{EE27BE62-185F-4749-A97D-DE879E95A689}.Debug|Any CPU.ActiveCfg = Debug|x64
		{EE27BE62-185F-4749-A97D-DE879E95A689}.Debug|x64.ActiveCfg = Debug|x64
		{EE27BE62-185F-4749-A97D-DE879E95A689}.Debug|x64.Build.0 = Debug|x64
		{EE27BE62-185F-4749-A97D-DE879E95A689}.Debug|x86.ActiveCfg = Debug|x64
		{EE27BE62-185F-4749-A97D-DE879E95A689}.Release|Any CPU.ActiveCfg = Release|x64
		{EE27BE62-185F-4749-A97D-DE879E95A689}.Release|x64.ActiveCfg = Release|x64
		{EE27BE62-185F-4749-A97D-DE879E95A689}.Release|x64.Build.0 = Release|x64
		{EE27BE62-185F-4749-A97D-DE879E95A689}.Release|x86.ActiveCfg = Release|x64
		{EA4AD9DF-2393-4343-8055-00363A6EDA2B}.Debug|Any CPU.ActiveCfg = Debug|Any CPU
		{EA4AD9DF-2393-4343-8055-00363A6EDA2B}.Debug|Any CPU.Build.0 = Debug|Any CPU
		{EA4AD9DF-2393-4343-8055-00363A6EDA2B}.Debug|x64.ActiveCfg = Debug|Any CPU
		{EA4AD9DF-2393-4343-8055-00363A6EDA2B}.Debug|x64.Build.0 = Debug|Any CPU
		{EA4AD9DF-2393-4343-8055-00363A6EDA2B}.Debug|x86.ActiveCfg = Debug|Any CPU
		{EA4AD9DF-2393-4343-8055-00363A6EDA2B}.Debug|x86.Build.0 = Debug|Any CPU
		{EA4AD9DF-2393-4343-8055-00363A6EDA2B}.Release|Any CPU.ActiveCfg = Release|Any CPU
		{EA4AD9DF-2393-4343-8055-00363A6EDA2B}.Release|Any CPU.Build.0 = Release|Any CPU
		{EA4AD9DF-2393-4343-8055-00363A6EDA2B}.Release|x64.ActiveCfg = Release|Any CPU
		{EA4AD9DF-2393-4343-8055-00363A6EDA2B}.Release|x64.Build.0 = Release|Any CPU
		{EA4AD9DF-2393-4343-8055-00363A6EDA2B}.Release|x86.ActiveCfg = Release|Any CPU
		{EA4AD9DF-2393-4343-8055-00363A6EDA2B}.Release|x86.Build.0 = Release|Any CPU
		{98C0366B-F061-48D9-B254-BF4EE7DB8EAF}.Debug|Any CPU.ActiveCfg = Debug|x64
		{98C0366B-F061-48D9-B254-BF4EE7DB8EAF}.Debug|x64.ActiveCfg = Debug|x64
		{98C0366B-F061-48D9-B254-BF4EE7DB8EAF}.Debug|x64.Build.0 = Debug|x64
		{98C0366B-F061-48D9-B254-BF4EE7DB8EAF}.Debug|x86.ActiveCfg = Debug|x64
		{98C0366B-F061-48D9-B254-BF4EE7DB8EAF}.Release|Any CPU.ActiveCfg = Release|x64
		{98C0366B-F061-48D9-B254-BF4EE7DB8EAF}.Release|x64.ActiveCfg = Release|x64
		{98C0366B-F061-48D9-B254-BF4EE7DB8EAF}.Release|x64.Build.0 = Release|x64
		{98C0366B-F061-48D9-B254-BF4EE7DB8EAF}.Release|x86.ActiveCfg = Release|x64
		{76A320C1-8809-4894-A024-3999B64648AC}.Debug|Any CPU.ActiveCfg = Debug|x64
		{76A320C1-8809-4894-A024-3999B64648AC}.Debug|x64.ActiveCfg = Debug|x64
		{76A320C1-8809-4894-A024-3999B64648AC}.Debug|x64.Build.0 = Debug|x64
		{76A320C1-8809-4894-A024-3999B64648AC}.Debug|x86.ActiveCfg = Debug|x64
		{76A320C1-8809-4894-A024-3999B64648AC}.Release|Any CPU.ActiveCfg = Release|x64
		{76A320C1-8809-4894-A024-3999B64648AC}.Release|x64.ActiveCfg = Release|x64
		{76A320C1-8809-4894-A024-3999B64648AC}.Release|x64.Build.0 = Release|x64
		{76A320C1-8809-4894-A024-3999B64648AC}.Release|x86.ActiveCfg = Release|x64
		{8E74930E-3ABE-4770-ADD0-F198EE6ED392}.Debug|Any CPU.ActiveCfg = Debug|Any CPU
		{8E74930E-3ABE-4770-ADD0-F198EE6ED392}.Debug|Any CPU.Build.0 = Debug|Any CPU
		{8E74930E-3ABE-4770-ADD0-F198EE6ED392}.Debug|x64.ActiveCfg = Debug|Any CPU
		{8E74930E-3ABE-4770-ADD0-F198EE6ED392}.Debug|x64.Build.0 = Debug|Any CPU
		{8E74930E-3ABE-4770-ADD0-F198EE6ED392}.Debug|x86.ActiveCfg = Debug|Any CPU
		{8E74930E-3ABE-4770-ADD0-F198EE6ED392}.Debug|x86.Build.0 = Debug|Any CPU
		{8E74930E-3ABE-4770-ADD0-F198EE6ED392}.Release|Any CPU.ActiveCfg = Release|Any CPU
		{8E74930E-3ABE-4770-ADD0-F198EE6ED392}.Release|Any CPU.Build.0 = Release|Any CPU
		{8E74930E-3ABE-4770-ADD0-F198EE6ED392}.Release|x64.ActiveCfg = Release|Any CPU
		{8E74930E-3ABE-4770-ADD0-F198EE6ED392}.Release|x64.Build.0 = Release|Any CPU
		{8E74930E-3ABE-4770-ADD0-F198EE6ED392}.Release|x86.ActiveCfg = Release|Any CPU
		{8E74930E-3ABE-4770-ADD0-F198EE6ED392}.Release|x86.Build.0 = Release|Any CPU
	EndGlobalSection
	GlobalSection(SolutionProperties) = preSolution
		HideSolutionNode = FALSE
	EndGlobalSection
EndGlobal
